
Microsoft Visual Studio Solution File, Format Version 12.00
# Visual Studio 15
VisualStudioVersion = 15.0.26228.52
MinimumVisualStudioVersion = 10.0.40219.1
Project("{FAE04EC0-301F-11D3-BF4B-00C04F79EFBC}") = "LearningApp", "LearningApp\LearningApp.csproj", "{1795FF92-983F-42CA-8323-BC1A8516F2EE}"
EndProject
Global
	GlobalSection(SolutionConfigurationPlatforms) = preSolution
		Debug|Any CPU = Debug|Any CPU
		Release|Any CPU = Release|Any CPU
	EndGlobalSection
	GlobalSection(ProjectConfigurationPlatforms) = postSolution
		{1795FF92-983F-42CA-8323-BC1A8516F2EE}.Debug|Any CPU.ActiveCfg = Debug|Any CPU
		{1795FF92-983F-42CA-8323-BC1A8516F2EE}.Debug|Any CPU.Build.0 = Debug|Any CPU
		{1795FF92-983F-42CA-8323-BC1A8516F2EE}.Release|Any CPU.ActiveCfg = Release|Any CPU
		{1795FF92-983F-42CA-8323-BC1A8516F2EE}.Release|Any CPU.Build.0 = Release|Any CPU
	EndGlobalSection
	GlobalSection(SolutionProperties) = preSolution
		HideSolutionNode = FALSE
	EndGlobalSection
EndGlobal
